// !$*UTF8*$!
{
	archiveVersion = 1;
	classes = {
	};
	objectVersion = 55;
	objects = {

/* Begin PBXBuildFile section */
		121080E7272DC9F800A3F2E5 /* AppDelegate.swift in Sources */ = {isa = PBXBuildFile; fileRef = 121080E6272DC9F800A3F2E5 /* AppDelegate.swift */; };
		121080E9272DC9F800A3F2E5 /* SceneDelegate.swift in Sources */ = {isa = PBXBuildFile; fileRef = 121080E8272DC9F800A3F2E5 /* SceneDelegate.swift */; };
		121080EE272DC9F800A3F2E5 /* Main.storyboard in Resources */ = {isa = PBXBuildFile; fileRef = 121080EC272DC9F800A3F2E5 /* Main.storyboard */; };
		121080F0272DC9F900A3F2E5 /* Assets.xcassets in Resources */ = {isa = PBXBuildFile; fileRef = 121080EF272DC9F900A3F2E5 /* Assets.xcassets */; };
		121080F3272DC9F900A3F2E5 /* LaunchScreen.storyboard in Resources */ = {isa = PBXBuildFile; fileRef = 121080F1272DC9F900A3F2E5 /* LaunchScreen.storyboard */; };
		121080FB272DE2AA00A3F2E5 /* EmojiTableViewController.swift in Sources */ = {isa = PBXBuildFile; fileRef = 121080FA272DE2AA00A3F2E5 /* EmojiTableViewController.swift */; };
		121080FD272DFCB200A3F2E5 /* EmojiTableViewCell.swift in Sources */ = {isa = PBXBuildFile; fileRef = 121080FC272DFCB200A3F2E5 /* EmojiTableViewCell.swift */; };
		12DF205727302FB00055CA73 /* EmojiModel.swift in Sources */ = {isa = PBXBuildFile; fileRef = 12DF205627302FB00055CA73 /* EmojiModel.swift */; };
		12DF205B273076230055CA73 /* AddEmojiTableViewController.swift in Sources */ = {isa = PBXBuildFile; fileRef = 12DF205A273076230055CA73 /* AddEmojiTableViewController.swift */; };
/* End PBXBuildFile section */

/* Begin PBXFileReference section */
		121080E3272DC9F800A3F2E5 /* EmojiTable.app */ = {isa = PBXFileReference; explicitFileType = wrapper.application; includeInIndex = 0; path = EmojiTable.app; sourceTree = BUILT_PRODUCTS_DIR; };
		121080E6272DC9F800A3F2E5 /* AppDelegate.swift */ = {isa = PBXFileReference; lastKnownFileType = sourcecode.swift; path = AppDelegate.swift; sourceTree = "<group>"; };
		121080E8272DC9F800A3F2E5 /* SceneDelegate.swift */ = {isa = PBXFileReference; lastKnownFileType = sourcecode.swift; path = SceneDelegate.swift; sourceTree = "<group>"; };
		121080ED272DC9F800A3F2E5 /* Base */ = {isa = PBXFileReference; lastKnownFileType = file.storyboard; name = Base; path = Base.lproj/Main.storyboard; sourceTree = "<group>"; };
		121080EF272DC9F900A3F2E5 /* Assets.xcassets */ = {isa = PBXFileReference; lastKnownFileType = folder.assetcatalog; path = Assets.xcassets; sourceTree = "<group>"; };
		121080F2272DC9F900A3F2E5 /* Base */ = {isa = PBXFileReference; lastKnownFileType = file.storyboard; name = Base; path = Base.lproj/LaunchScreen.storyboard; sourceTree = "<group>"; };
		121080F4272DC9F900A3F2E5 /* Info.plist */ = {isa = PBXFileReference; lastKnownFileType = text.plist.xml; path = Info.plist; sourceTree = "<group>"; };
		121080FA272DE2AA00A3F2E5 /* EmojiTableViewController.swift */ = {isa = PBXFileReference; lastKnownFileType = sourcecode.swift; path = EmojiTableViewController.swift; sourceTree = "<group>"; };
		121080FC272DFCB200A3F2E5 /* EmojiTableViewCell.swift */ = {isa = PBXFileReference; lastKnownFileType = sourcecode.swift; path = EmojiTableViewCell.swift; sourceTree = "<group>"; };
		12DF205627302FB00055CA73 /* EmojiModel.swift */ = {isa = PBXFileReference; lastKnownFileType = sourcecode.swift; path = EmojiModel.swift; sourceTree = "<group>"; };
		12DF205A273076230055CA73 /* AddEmojiTableViewController.swift */ = {isa = PBXFileReference; lastKnownFileType = sourcecode.swift; path = AddEmojiTableViewController.swift; sourceTree = "<group>"; };
/* End PBXFileReference section */

/* Begin PBXFrameworksBuildPhase section */
		121080E0272DC9F800A3F2E5 /* Frameworks */ = {
			isa = PBXFrameworksBuildPhase;
			buildActionMask = 2147483647;
			files = (
			);
			runOnlyForDeploymentPostprocessing = 0;
		};
/* End PBXFrameworksBuildPhase section */

/* Begin PBXGroup section */
		121080DA272DC9F800A3F2E5 = {
			isa = PBXGroup;
			children = (
				121080E5272DC9F800A3F2E5 /* EmojiTable */,
				121080E4272DC9F800A3F2E5 /* Products */,
			);
			sourceTree = "<group>";
		};
		121080E4272DC9F800A3F2E5 /* Products */ = {
			isa = PBXGroup;
			children = (
				121080E3272DC9F800A3F2E5 /* EmojiTable.app */,
			);
			name = Products;
			sourceTree = "<group>";
		};
		121080E5272DC9F800A3F2E5 /* EmojiTable */ = {
			isa = PBXGroup;
			children = (
				121080E6272DC9F800A3F2E5 /* AppDelegate.swift */,
				121080E8272DC9F800A3F2E5 /* SceneDelegate.swift */,
				12DF205627302FB00055CA73 /* EmojiModel.swift */,
				121080FC272DFCB200A3F2E5 /* EmojiTableViewCell.swift */,
				121080FA272DE2AA00A3F2E5 /* EmojiTableViewController.swift */,
				12DF205A273076230055CA73 /* AddEmojiTableViewController.swift */,
				121080EC272DC9F800A3F2E5 /* Main.storyboard */,
				121080EF272DC9F900A3F2E5 /* Assets.xcassets */,
				121080F1272DC9F900A3F2E5 /* LaunchScreen.storyboard */,
				121080F4272DC9F900A3F2E5 /* Info.plist */,
			);
			path = EmojiTable;
			sourceTree = "<group>";
		};
/* End PBXGroup section */

/* Begin PBXNativeTarget section */
		121080E2272DC9F800A3F2E5 /* EmojiTable */ = {
			isa = PBXNativeTarget;
			buildConfigurationList = 121080F7272DC9F900A3F2E5 /* Build configuration list for PBXNativeTarget "EmojiTable" */;
			buildPhases = (
				121080DF272DC9F800A3F2E5 /* Sources */,
				121080E0272DC9F800A3F2E5 /* Frameworks */,
				121080E1272DC9F800A3F2E5 /* Resources */,
			);
			buildRules = (
			);
			dependencies = (
			);
			name = EmojiTable;
			productName = EmojiTable;
			productReference = 121080E3272DC9F800A3F2E5 /* EmojiTable.app */;
			productType = "com.apple.product-type.application";
		};
/* End PBXNativeTarget section */

/* Begin PBXProject section */
		121080DB272DC9F800A3F2E5 /* Project object */ = {
			isa = PBXProject;
			attributes = {
				BuildIndependentTargetsInParallel = 1;
				LastSwiftUpdateCheck = 1310;
				LastUpgradeCheck = 1310;
				TargetAttributes = {
					121080E2272DC9F800A3F2E5 = {
						CreatedOnToolsVersion = 13.1;
					};
				};
			};
			buildConfigurationList = 121080DE272DC9F800A3F2E5 /* Build configuration list for PBXProject "EmojiTable" */;
			compatibilityVersion = "Xcode 13.0";
			developmentRegion = en;
			hasScannedForEncodings = 0;
			knownRegions = (
				en,
				Base,
			);
			mainGroup = 121080DA272DC9F800A3F2E5;
			productRefGroup = 121080E4272DC9F800A3F2E5 /* Products */;
			projectDirPath = "";
			projectRoot = "";
			targets = (
				121080E2272DC9F800A3F2E5 /* EmojiTable */,
			);
		};
/* End PBXProject section */

/* Begin PBXResourcesBuildPhase section */
		121080E1272DC9F800A3F2E5 /* Resources */ = {
			isa = PBXResourcesBuildPhase;
			buildActionMask = 2147483647;
			files = (
				121080F3272DC9F900A3F2E5 /* LaunchScreen.storyboard in Resources */,
				121080F0272DC9F900A3F2E5 /* Assets.xcassets in Resources */,
				121080EE272DC9F800A3F2E5 /* Main.storyboard in Resources */,
			);
			runOnlyForDeploymentPostprocessing = 0;
		};
/* End PBXResourcesBuildPhase section */

/* Begin PBXSourcesBuildPhase section */
		121080DF272DC9F800A3F2E5 /* Sources */ = {
			isa = PBXSourcesBuildPhase;
			buildActionMask = 2147483647;
			files = (
				12DF205B273076230055CA73 /* AddEmojiTableViewController.swift in Sources */,
				121080FB272DE2AA00A3F2E5 /* EmojiTableViewController.swift in Sources */,
				121080FD272DFCB200A3F2E5 /* EmojiTableViewCell.swift in Sources */,
				121080E7272DC9F800A3F2E5 /* AppDelegate.swift in Sources */,
				12DF205727302FB00055CA73 /* EmojiModel.swift in Sources */,
				121080E9272DC9F800A3F2E5 /* SceneDelegate.swift in Sources */,
			);
			runOnlyForDeploymentPostprocessing = 0;
		};
/* End PBXSourcesBuildPhase section */

/* Begin PBXVariantGroup section */
		121080EC272DC9F800A3F2E5 /* Main.storyboard */ = {
			isa = PBXVariantGroup;
			children = (
				121080ED272DC9F800A3F2E5 /* Base */,
			);
			name = Main.storyboard;
			sourceTree = "<group>";
		};
		121080F1272DC9F900A3F2E5 /* LaunchScreen.storyboard */ = {
			isa = PBXVariantGroup;
			children = (
				121080F2272DC9F900A3F2E5 /* Base */,
			);
			name = LaunchScreen.storyboard;
			sourceTree = "<group>";
		};
/* End PBXVariantGroup section */

/* Begin XCBuildConfiguration section */
		121080F5272DC9F900A3F2E5 /* Debug */ = {
			isa = XCBuildConfiguration;
			buildSettings = {
				ALWAYS_SEARCH_USER_PATHS = NO;
				CLANG_ANALYZER_NONNULL = YES;
				CLANG_ANALYZER_NUMBER_OBJECT_CONVERSION = YES_AGGRESSIVE;
				CLANG_CXX_LANGUAGE_STANDARD = "gnu++17";
				CLANG_CXX_LIBRARY = "libc++";
				CLANG_ENABLE_MODULES = YES;
				CLANG_ENABLE_OBJC_ARC = YES;
				CLANG_ENABLE_OBJC_WEAK = YES;
				CLANG_WARN_BLOCK_CAPTURE_AUTORELEASING = YES;
				CLANG_WARN_BOOL_CONVERSION = YES;
				CLANG_WARN_COMMA = YES;
				CLANG_WARN_CONSTANT_CONVERSION = YES;
				CLANG_WARN_DEPRECATED_OBJC_IMPLEMENTATIONS = YES;
				CLANG_WARN_DIRECT_OBJC_ISA_USAGE = YES_ERROR;
				CLANG_WARN_DOCUMENTATION_COMMENTS = YES;
				CLANG_WARN_EMPTY_BODY = YES;
				CLANG_WARN_ENUM_CONVERSION = YES;
				CLANG_WARN_INFINITE_RECURSION = YES;
				CLANG_WARN_INT_CONVERSION = YES;
				CLANG_WARN_NON_LITERAL_NULL_CONVERSION = YES;
				CLANG_WARN_OBJC_IMPLICIT_RETAIN_SELF = YES;
				CLANG_WARN_OBJC_LITERAL_CONVERSION = YES;
				CLANG_WARN_OBJC_ROOT_CLASS = YES_ERROR;
				CLANG_WARN_QUOTED_INCLUDE_IN_FRAMEWORK_HEADER = YES;
				CLANG_WARN_RANGE_LOOP_ANALYSIS = YES;
				CLANG_WARN_STRICT_PROTOTYPES = YES;
				CLANG_WARN_SUSPICIOUS_MOVE = YES;
				CLANG_WARN_UNGUARDED_AVAILABILITY = YES_AGGRESSIVE;
				CLANG_WARN_UNREACHABLE_CODE = YES;
				CLANG_WARN__DUPLICATE_METHOD_MATCH = YES;
				COPY_PHASE_STRIP = NO;
				DEBUG_INFORMATION_FORMAT = dwarf;
				ENABLE_STRICT_OBJC_MSGSEND = YES;
				ENABLE_TESTABILITY = YES;
				GCC_C_LANGUAGE_STANDARD = gnu11;
				GCC_DYNAMIC_NO_PIC = NO;
				GCC_NO_COMMON_BLOCKS = YES;
				GCC_OPTIMIZATION_LEVEL = 0;
				GCC_PREPROCESSOR_DEFINITIONS = (
					"DEBUG=1",
					"$(inherited)",
				);
				GCC_WARN_64_TO_32_BIT_CONVERSION = YES;
				GCC_WARN_ABOUT_RETURN_TYPE = YES_ERROR;
				GCC_WARN_UNDECLARED_SELECTOR = YES;
				GCC_WARN_UNINITIALIZED_AUTOS = YES_AGGRESSIVE;
				GCC_WARN_UNUSED_FUNCTION = YES;
				GCC_WARN_UNUSED_VARIABLE = YES;
				IPHONEOS_DEPLOYMENT_TARGET = 15.0;
				MTL_ENABLE_DEBUG_INFO = INCLUDE_SOURCE;
				MTL_FAST_MATH = YES;
				ONLY_ACTIVE_ARCH = YES;
				SDKROOT = iphoneos;
				SWIFT_ACTIVE_COMPILATION_CONDITIONS = DEBUG;
				SWIFT_OPTIMIZATION_LEVEL = "-Onone";
			};
			name = Debug;
		};
		121080F6272DC9F900A3F2E5 /* Release */ = {
			isa = XCBuildConfiguration;
			buildSettings = {
				ALWAYS_SEARCH_USER_PATHS = NO;
				CLANG_ANALYZER_NONNULL = YES;
				CLANG_ANALYZER_NUMBER_OBJECT_CONVERSION = YES_AGGRESSIVE;
				CLANG_CXX_LANGUAGE_STANDARD = "gnu++17";
				CLANG_CXX_LIBRARY = "libc++";
				CLANG_ENABLE_MODULES = YES;
				CLANG_ENABLE_OBJC_ARC = YES;
				CLANG_ENABLE_OBJC_WEAK = YES;
				CLANG_WARN_BLOCK_CAPTURE_AUTORELEASING = YES;
				CLANG_WARN_BOOL_CONVERSION = YES;
				CLANG_WARN_COMMA = YES;
				CLANG_WARN_CONSTANT_CONVERSION = YES;
				CLANG_WARN_DEPRECATED_OBJC_IMPLEMENTATIONS = YES;
				CLANG_WARN_DIRECT_OBJC_ISA_USAGE = YES_ERROR;
				CLANG_WARN_DOCUMENTATION_COMMENTS = YES;
				CLANG_WARN_EMPTY_BODY = YES;
				CLANG_WARN_ENUM_CONVERSION = YES;
				CLANG_WARN_INFINITE_RECURSION = YES;
				CLANG_WARN_INT_CONVERSION = YES;
				CLANG_WARN_NON_LITERAL_NULL_CONVERSION = YES;
				CLANG_WARN_OBJC_IMPLICIT_RETAIN_SELF = YES;
				CLANG_WARN_OBJC_LITERAL_CONVERSION = YES;
				CLANG_WARN_OBJC_ROOT_CLASS = YES_ERROR;
				CLANG_WARN_QUOTED_INCLUDE_IN_FRAMEWORK_HEADER = YES;
				CLANG_WARN_RANGE_LOOP_ANALYSIS = YES;
				CLANG_WARN_STRICT_PROTOTYPES = YES;
				CLANG_WARN_SUSPICIOUS_MOVE = YES;
				CLANG_WARN_UNGUARDED_AVAILABILITY = YES_AGGRESSIVE;
				CLANG_WARN_UNREACHABLE_CODE = YES;
				CLANG_WARN__DUPLICATE_METHOD_MATCH = YES;
				COPY_PHASE_STRIP = NO;
				DEBUG_INFORMATION_FORMAT = "dwarf-with-dsym";
				ENABLE_NS_ASSERTIONS = NO;
				ENABLE_STRICT_OBJC_MSGSEND = YES;
				GCC_C_LANGUAGE_STANDARD = gnu11;
				GCC_NO_COMMON_BLOCKS = YES;
				GCC_WARN_64_TO_32_BIT_CONVERSION = YES;
				GCC_WARN_ABOUT_RETURN_TYPE = YES_ERROR;
				GCC_WARN_UNDECLARED_SELECTOR = YES;
				GCC_WARN_UNINITIALIZED_AUTOS = YES_AGGRESSIVE;
				GCC_WARN_UNUSED_FUNCTION = YES;
				GCC_WARN_UNUSED_VARIABLE = YES;
				IPHONEOS_DEPLOYMENT_TARGET = 15.0;
				MTL_ENABLE_DEBUG_INFO = NO;
				MTL_FAST_MATH = YES;
				SDKROOT = iphoneos;
				SWIFT_COMPILATION_MODE = wholemodule;
				SWIFT_OPTIMIZATION_LEVEL = "-O";
				VALIDATE_PRODUCT = YES;
			};
			name = Release;
		};
		121080F8272DC9F900A3F2E5 /* Debug */ = {
			isa = XCBuildConfiguration;
			buildSettings = {
				ASSETCATALOG_COMPILER_APPICON_NAME = AppIcon;
				ASSETCATALOG_COMPILER_GLOBAL_ACCENT_COLOR_NAME = AccentColor;
				CODE_SIGN_STYLE = Automatic;
				CURRENT_PROJECT_VERSION = 1;
				DEVELOPMENT_TEAM = X898K49UV8;
				GENERATE_INFOPLIST_FILE = YES;
				INFOPLIST_FILE = EmojiTable/Info.plist;
				INFOPLIST_KEY_UIApplicationSupportsIndirectInputEvents = YES;
				INFOPLIST_KEY_UILaunchStoryboardName = LaunchScreen;
				INFOPLIST_KEY_UIMainStoryboardFile = Main;
				INFOPLIST_KEY_UISupportedInterfaceOrientations_iPad = "UIInterfaceOrientationPortrait UIInterfaceOrientationPortraitUpsideDown UIInterfaceOrientationLandscapeLeft UIInterfaceOrientationLandscapeRight";
				INFOPLIST_KEY_UISupportedInterfaceOrientations_iPhone = "UIInterfaceOrientationPortrait UIInterfaceOrientationLandscapeLeft UIInterfaceOrientationLandscapeRight";
				LD_RUNPATH_SEARCH_PATHS = (
					"$(inherited)",
					"@executable_path/Frameworks",
				);
				MARKETING_VERSION = 1.0;
				PRODUCT_BUNDLE_IDENTIFIER = com.monas.EmojiTable;
				PRODUCT_NAME = "$(TARGET_NAME)";
				SWIFT_EMIT_LOC_STRINGS = YES;
				SWIFT_VERSION = 5.0;
				TARGETED_DEVICE_FAMILY = "1,2";
			};
			name = Debug;
		};
		121080F9272DC9F900A3F2E5 /* Release */ = {
			isa = XCBuildConfiguration;
			buildSettings = {
				ASSETCATALOG_COMPILER_APPICON_NAME = AppIcon;
				ASSETCATALOG_COMPILER_GLOBAL_ACCENT_COLOR_NAME = AccentColor;
				CODE_SIGN_STYLE = Automatic;
				CURRENT_PROJECT_VERSION = 1;
				DEVELOPMENT_TEAM = X898K49UV8;
				GENERATE_INFOPLIST_FILE = YES;
				INFOPLIST_FILE = EmojiTable/Info.plist;
				INFOPLIST_KEY_UIApplicationSupportsIndirectInputEvents = YES;
				INFOPLIST_KEY_UILaunchStoryboardName = LaunchScreen;
				INFOPLIST_KEY_UIMainStoryboardFile = Main;
				INFOPLIST_KEY_UISupportedInterfaceOrientations_iPad = "UIInterfaceOrientationPortrait UIInterfaceOrientationPortraitUpsideDown UIInterfaceOrientationLandscapeLeft UIInterfaceOrientationLandscapeRight";
				INFOPLIST_KEY_UISupportedInterfaceOrientations_iPhone = "UIInterfaceOrientationPortrait UIInterfaceOrientationLandscapeLeft UIInterfaceOrientationLandscapeRight";
				LD_RUNPATH_SEARCH_PATHS = (
					"$(inherited)",
					"@executable_path/Frameworks",
				);
				MARKETING_VERSION = 1.0;
				PRODUCT_BUNDLE_IDENTIFIER = com.monas.EmojiTable;
				PRODUCT_NAME = "$(TARGET_NAME)";
				SWIFT_EMIT_LOC_STRINGS = YES;
				SWIFT_VERSION = 5.0;
				TARGETED_DEVICE_FAMILY = "1,2";
			};
			name = Release;
		};
/* End XCBuildConfiguration section */

/* Begin XCConfigurationList section */
		121080DE272DC9F800A3F2E5 /* Build configuration list for PBXProject "EmojiTable" */ = {
			isa = XCConfigurationList;
			buildConfigurations = (
				121080F5272DC9F900A3F2E5 /* Debug */,
				121080F6272DC9F900A3F2E5 /* Release */,
			);
			defaultConfigurationIsVisible = 0;
			defaultConfigurationName = Release;
		};
		121080F7272DC9F900A3F2E5 /* Build configuration list for PBXNativeTarget "EmojiTable" */ = {
			isa = XCConfigurationList;
			buildConfigurations = (
				121080F8272DC9F900A3F2E5 /* Debug */,
				121080F9272DC9F900A3F2E5 /* Release */,
			);
			defaultConfigurationIsVisible = 0;
			defaultConfigurationName = Release;
		};
/* End XCConfigurationList section */
	};
	rootObject = 121080DB272DC9F800A3F2E5 /* Project object */;
}
